
Microsoft Visual Studio Solution File, Format Version 12.00
# Visual Studio Version 17
VisualStudioVersion = 17.14.36401.2 d17.14
MinimumVisualStudioVersion = 10.0.40219.1
Project("{FAE04EC0-301F-11D3-BF4B-00C04F79EFBC}") = "WpfSolarSystem", "WpfSolarSystem\WpfSolarSystem.csproj", "{CC7A1B7A-BAA7-4ED6-B6C3-52B45293EC0E}"
EndProject
Global
	GlobalSection(SolutionConfigurationPlatforms) = preSolution
		Debug|Any CPU = Debug|Any CPU
		Release|Any CPU = Release|Any CPU
	EndGlobalSection
	GlobalSection(ProjectConfigurationPlatforms) = postSolution
		{CC7A1B7A-BAA7-4ED6-B6C3-52B45293EC0E}.Debug|Any CPU.ActiveCfg = Debug|Any CPU
		{CC7A1B7A-BAA7-4ED6-B6C3-52B45293EC0E}.Debug|Any CPU.Build.0 = Debug|Any CPU
		{CC7A1B7A-BAA7-4ED6-B6C3-52B45293EC0E}.Release|Any CPU.ActiveCfg = Release|Any CPU
		{CC7A1B7A-BAA7-4ED6-B6C3-52B45293EC0E}.Release|Any CPU.Build.0 = Release|Any CPU
	EndGlobalSection
	GlobalSection(SolutionProperties) = preSolution
		HideSolutionNode = FALSE
	EndGlobalSection
	GlobalSection(ExtensibilityGlobals) = postSolution
		SolutionGuid = {9C3A8304-AFFE-43EB-B309-4A22F95F03C8}
	EndGlobalSection
EndGlobal
